// !$*UTF8*$!
{
	archiveVersion = 1;
	classes = {
	};
	objectVersion = 55;
	objects = {

/* Begin PBXBuildFile section */
		24324B15271E99780025484D /* ChiefApp.swift in Sources */ = {isa = PBXBuildFile; fileRef = 24324B14271E99780025484D /* ChiefApp.swift */; };
		24324B17271E99780025484D /* ContentView.swift in Sources */ = {isa = PBXBuildFile; fileRef = 24324B16271E99780025484D /* ContentView.swift */; };
		24324B19271E99790025484D /* Assets.xcassets in Resources */ = {isa = PBXBuildFile; fileRef = 24324B18271E99790025484D /* Assets.xcassets */; };
		24324B1C271E99790025484D /* Preview Assets.xcassets in Resources */ = {isa = PBXBuildFile; fileRef = 24324B1B271E99790025484D /* Preview Assets.xcassets */; };
		24324B23271E9BC50025484D /* Podfile in Resources */ = {isa = PBXBuildFile; fileRef = 24324B22271E9BC50025484D /* Podfile */; };
		244B570F27392F74008148F1 /* Yard.m in Sources */ = {isa = PBXBuildFile; fileRef = 244B570E27392F74008148F1 /* Yard.m */; };
		24A3308D274B454600007339 /* UIView+RNSwizzle.swift in Sources */ = {isa = PBXBuildFile; fileRef = 24A3308C274B454600007339 /* UIView+RNSwizzle.swift */; };
		24A3308F274B482E00007339 /* UIViewController+RNSwizzle.swift in Sources */ = {isa = PBXBuildFile; fileRef = 24A3308E274B482E00007339 /* UIViewController+RNSwizzle.swift */; };
		24A33095274B876600007339 /* Clinic.swift in Sources */ = {isa = PBXBuildFile; fileRef = 24A33094274B876600007339 /* Clinic.swift */; };
		24A33097274B936400007339 /* YardPopup.swift in Sources */ = {isa = PBXBuildFile; fileRef = 24A33096274B936400007339 /* YardPopup.swift */; };
		24B3D37527422EE8002F7C37 /* HomeViewController.m in Sources */ = {isa = PBXBuildFile; fileRef = 24B3D37427422EE8002F7C37 /* HomeViewController.m */; };
		24B3D379274236C7002F7C37 /* AppDelegate.swift in Sources */ = {isa = PBXBuildFile; fileRef = 24B3D378274236C7002F7C37 /* AppDelegate.swift */; };
		24B3D386274340A2002F7C37 /* base.ios.bundle in Resources */ = {isa = PBXBuildFile; fileRef = 24B3D383274340A2002F7C37 /* base.ios.bundle */; };
		24B3D387274340A2002F7C37 /* index.ios.bundle in Resources */ = {isa = PBXBuildFile; fileRef = 24B3D385274340A2002F7C37 /* index.ios.bundle */; };
		351666E75CC2886A91CD8F18 /* Pods_Chief.framework in Frameworks */ = {isa = PBXBuildFile; fileRef = 2980EF71F53DEBE78B70B031 /* Pods_Chief.framework */; };
/* End PBXBuildFile section */

/* Begin PBXFileReference section */
		24324B11271E99780025484D /* Chief.app */ = {isa = PBXFileReference; explicitFileType = wrapper.application; includeInIndex = 0; path = Chief.app; sourceTree = BUILT_PRODUCTS_DIR; };
		24324B14271E99780025484D /* ChiefApp.swift */ = {isa = PBXFileReference; lastKnownFileType = sourcecode.swift; path = ChiefApp.swift; sourceTree = "<group>"; };
		24324B16271E99780025484D /* ContentView.swift */ = {isa = PBXFileReference; lastKnownFileType = sourcecode.swift; path = ContentView.swift; sourceTree = "<group>"; };
		24324B18271E99790025484D /* Assets.xcassets */ = {isa = PBXFileReference; lastKnownFileType = folder.assetcatalog; path = Assets.xcassets; sourceTree = "<group>"; };
		24324B1B271E99790025484D /* Preview Assets.xcassets */ = {isa = PBXFileReference; lastKnownFileType = folder.assetcatalog; path = "Preview Assets.xcassets"; sourceTree = "<group>"; };
		24324B22271E9BC50025484D /* Podfile */ = {isa = PBXFileReference; fileEncoding = 4; lastKnownFileType = text; path = Podfile; sourceTree = SOURCE_ROOT; xcLanguageSpecificationIdentifier = xcode.lang.ruby; };
		244B570C2739258F008148F1 /* RCTBridge+Extension.h */ = {isa = PBXFileReference; lastKnownFileType = sourcecode.c.h; path = "RCTBridge+Extension.h"; sourceTree = "<group>"; };
		244B570D27392F73008148F1 /* Chief-Bridging-Header.h */ = {isa = PBXFileReference; lastKnownFileType = sourcecode.c.h; path = "Chief-Bridging-Header.h"; sourceTree = "<group>"; };
		244B570E27392F74008148F1 /* Yard.m */ = {isa = PBXFileReference; lastKnownFileType = sourcecode.c.objc; path = Yard.m; sourceTree = "<group>"; };
		244B5710273933FC008148F1 /* Yard.h */ = {isa = PBXFileReference; lastKnownFileType = sourcecode.c.h; path = Yard.h; sourceTree = "<group>"; };
		24A3308C274B454600007339 /* UIView+RNSwizzle.swift */ = {isa = PBXFileReference; lastKnownFileType = sourcecode.swift; path = "UIView+RNSwizzle.swift"; sourceTree = "<group>"; };
		24A3308E274B482E00007339 /* UIViewController+RNSwizzle.swift */ = {isa = PBXFileReference; lastKnownFileType = sourcecode.swift; path = "UIViewController+RNSwizzle.swift"; sourceTree = "<group>"; };
		24A33092274B7F8900007339 /* PrefixHeader.pch */ = {isa = PBXFileReference; lastKnownFileType = sourcecode.c.h; path = PrefixHeader.pch; sourceTree = "<group>"; };
		24A33094274B876600007339 /* Clinic.swift */ = {isa = PBXFileReference; lastKnownFileType = sourcecode.swift; path = Clinic.swift; sourceTree = "<group>"; };
		24A33096274B936400007339 /* YardPopup.swift */ = {isa = PBXFileReference; lastKnownFileType = sourcecode.swift; path = YardPopup.swift; sourceTree = "<group>"; };
		24B3D37327422EC1002F7C37 /* HomeViewController.h */ = {isa = PBXFileReference; lastKnownFileType = sourcecode.c.h; path = HomeViewController.h; sourceTree = "<group>"; };
		24B3D37427422EE8002F7C37 /* HomeViewController.m */ = {isa = PBXFileReference; lastKnownFileType = sourcecode.c.objc; path = HomeViewController.m; sourceTree = "<group>"; };
		24B3D378274236C7002F7C37 /* AppDelegate.swift */ = {isa = PBXFileReference; lastKnownFileType = sourcecode.swift; path = AppDelegate.swift; sourceTree = "<group>"; };
		24B3D383274340A2002F7C37 /* base.ios.bundle */ = {isa = PBXFileReference; fileEncoding = 4; lastKnownFileType = text; path = base.ios.bundle; sourceTree = "<group>"; };
		24B3D385274340A2002F7C37 /* index.ios.bundle */ = {isa = PBXFileReference; fileEncoding = 4; lastKnownFileType = text; path = index.ios.bundle; sourceTree = "<group>"; };
		2980EF71F53DEBE78B70B031 /* Pods_Chief.framework */ = {isa = PBXFileReference; explicitFileType = wrapper.framework; includeInIndex = 0; path = Pods_Chief.framework; sourceTree = BUILT_PRODUCTS_DIR; };
		6AA6300BAE586F1CA6BE360E /* Pods-Chief.debug.xcconfig */ = {isa = PBXFileReference; includeInIndex = 1; lastKnownFileType = text.xcconfig; name = "Pods-Chief.debug.xcconfig"; path = "Target Support Files/Pods-Chief/Pods-Chief.debug.xcconfig"; sourceTree = "<group>"; };
		BD96A07E6159630A9CFBC567 /* Pods-Chief.release.xcconfig */ = {isa = PBXFileReference; includeInIndex = 1; lastKnownFileType = text.xcconfig; name = "Pods-Chief.release.xcconfig"; path = "Target Support Files/Pods-Chief/Pods-Chief.release.xcconfig"; sourceTree = "<group>"; };
/* End PBXFileReference section */

/* Begin PBXFrameworksBuildPhase section */
		24324B0E271E99780025484D /* Frameworks */ = {
			isa = PBXFrameworksBuildPhase;
			buildActionMask = 2147483647;
			files = (
				351666E75CC2886A91CD8F18 /* Pods_Chief.framework in Frameworks */,
			);
			runOnlyForDeploymentPostprocessing = 0;
		};
/* End PBXFrameworksBuildPhase section */

/* Begin PBXGroup section */
		24324B08271E99780025484D = {
			isa = PBXGroup;
			children = (
				24324B13271E99780025484D /* Chief */,
				24324B12271E99780025484D /* Products */,
				F14A981CE33386C5AD8E3F09 /* Pods */,
				A0B657CBC2A4F2D1E788F4CD /* Frameworks */,
			);
			sourceTree = "<group>";
		};
		24324B12271E99780025484D /* Products */ = {
			isa = PBXGroup;
			children = (
				24324B11271E99780025484D /* Chief.app */,
			);
			name = Products;
			sourceTree = "<group>";
		};
		24324B13271E99780025484D /* Chief */ = {
			isa = PBXGroup;
			children = (
				24B3D382274340A2002F7C37 /* JSBundle */,
				24B3D37727422EFC002F7C37 /* Controller */,
				24A05211272A9394004ACC79 /* Yard */,
				24324B22271E9BC50025484D /* Podfile */,
				24324B14271E99780025484D /* ChiefApp.swift */,
				24B3D378274236C7002F7C37 /* AppDelegate.swift */,
				24324B16271E99780025484D /* ContentView.swift */,
				24324B18271E99790025484D /* Assets.xcassets */,
				24324B1A271E99790025484D /* Preview Content */,
				24A33092274B7F8900007339 /* PrefixHeader.pch */,
				24A33094274B876600007339 /* Clinic.swift */,
			);
			path = Chief;
			sourceTree = "<group>";
		};
		24324B1A271E99790025484D /* Preview Content */ = {
			isa = PBXGroup;
			children = (
				24324B1B271E99790025484D /* Preview Assets.xcassets */,
			);
			path = "Preview Content";
			sourceTree = "<group>";
		};
		24A05211272A9394004ACC79 /* Yard */ = {
			isa = PBXGroup;
			children = (
				244B570C2739258F008148F1 /* RCTBridge+Extension.h */,
				244B5710273933FC008148F1 /* Yard.h */,
				244B570E27392F74008148F1 /* Yard.m */,
				244B570D27392F73008148F1 /* Chief-Bridging-Header.h */,
				24A3308C274B454600007339 /* UIView+RNSwizzle.swift */,
				24A3308E274B482E00007339 /* UIViewController+RNSwizzle.swift */,
				24A33096274B936400007339 /* YardPopup.swift */,
			);
			path = Yard;
			sourceTree = "<group>";
		};
		24B3D37727422EFC002F7C37 /* Controller */ = {
			isa = PBXGroup;
			children = (
				24B3D37327422EC1002F7C37 /* HomeViewController.h */,
				24B3D37427422EE8002F7C37 /* HomeViewController.m */,
			);
			name = Controller;
			sourceTree = "<group>";
		};
		24B3D382274340A2002F7C37 /* JSBundle */ = {
			isa = PBXGroup;
			children = (
				24B3D383274340A2002F7C37 /* base.ios.bundle */,
				24B3D384274340A2002F7C37 /* modules */,
			);
			path = JSBundle;
			sourceTree = SOURCE_ROOT;
		};
		24B3D384274340A2002F7C37 /* modules */ = {
			isa = PBXGroup;
			children = (
				24B3D385274340A2002F7C37 /* index.ios.bundle */,
			);
			path = modules;
			sourceTree = "<group>";
		};
		A0B657CBC2A4F2D1E788F4CD /* Frameworks */ = {
			isa = PBXGroup;
			children = (
				2980EF71F53DEBE78B70B031 /* Pods_Chief.framework */,
			);
			name = Frameworks;
			sourceTree = "<group>";
		};
		F14A981CE33386C5AD8E3F09 /* Pods */ = {
			isa = PBXGroup;
			children = (
				6AA6300BAE586F1CA6BE360E /* Pods-Chief.debug.xcconfig */,
				BD96A07E6159630A9CFBC567 /* Pods-Chief.release.xcconfig */,
			);
			path = Pods;
			sourceTree = "<group>";
		};
/* End PBXGroup section */

/* Begin PBXNativeTarget section */
		24324B10271E99780025484D /* Chief */ = {
			isa = PBXNativeTarget;
			buildConfigurationList = 24324B1F271E99790025484D /* Build configuration list for PBXNativeTarget "Chief" */;
			buildPhases = (
				8C1EEEC71D6B2A4F4E77C82C /* [CP] Check Pods Manifest.lock */,
				24324B0D271E99780025484D /* Sources */,
				24324B0E271E99780025484D /* Frameworks */,
				24324B0F271E99780025484D /* Resources */,
				99F041CD2F5900F0A4A07CFA /* [CP] Embed Pods Frameworks */,
			);
			buildRules = (
			);
			dependencies = (
			);
			name = Chief;
			productName = Chief;
			productReference = 24324B11271E99780025484D /* Chief.app */;
			productType = "com.apple.product-type.application";
		};
/* End PBXNativeTarget section */

/* Begin PBXProject section */
		24324B09271E99780025484D /* Project object */ = {
			isa = PBXProject;
			attributes = {
				BuildIndependentTargetsInParallel = 1;
				LastSwiftUpdateCheck = 1300;
				LastUpgradeCheck = 1300;
				TargetAttributes = {
					24324B10271E99780025484D = {
						CreatedOnToolsVersion = 13.0;
						LastSwiftMigration = 1300;
					};
				};
			};
			buildConfigurationList = 24324B0C271E99780025484D /* Build configuration list for PBXProject "Chief" */;
			compatibilityVersion = "Xcode 13.0";
			developmentRegion = en;
			hasScannedForEncodings = 0;
			knownRegions = (
				en,
				Base,
			);
			mainGroup = 24324B08271E99780025484D;
			productRefGroup = 24324B12271E99780025484D /* Products */;
			projectDirPath = "";
			projectRoot = "";
			targets = (
				24324B10271E99780025484D /* Chief */,
			);
		};
/* End PBXProject section */

/* Begin PBXResourcesBuildPhase section */
		24324B0F271E99780025484D /* Resources */ = {
			isa = PBXResourcesBuildPhase;
			buildActionMask = 2147483647;
			files = (
				24324B23271E9BC50025484D /* Podfile in Resources */,
				24324B1C271E99790025484D /* Preview Assets.xcassets in Resources */,
				24324B19271E99790025484D /* Assets.xcassets in Resources */,
				24B3D386274340A2002F7C37 /* base.ios.bundle in Resources */,
				24B3D387274340A2002F7C37 /* index.ios.bundle in Resources */,
			);
			runOnlyForDeploymentPostprocessing = 0;
		};
/* End PBXResourcesBuildPhase section */

/* Begin PBXShellScriptBuildPhase section */
		8C1EEEC71D6B2A4F4E77C82C /* [CP] Check Pods Manifest.lock */ = {
			isa = PBXShellScriptBuildPhase;
			buildActionMask = 2147483647;
			files = (
			);
			inputFileListPaths = (
			);
			inputPaths = (
				"${PODS_PODFILE_DIR_PATH}/Podfile.lock",
				"${PODS_ROOT}/Manifest.lock",
			);
			name = "[CP] Check Pods Manifest.lock";
			outputFileListPaths = (
			);
			outputPaths = (
				"$(DERIVED_FILE_DIR)/Pods-Chief-checkManifestLockResult.txt",
			);
			runOnlyForDeploymentPostprocessing = 0;
			shellPath = /bin/sh;
			shellScript = "diff \"${PODS_PODFILE_DIR_PATH}/Podfile.lock\" \"${PODS_ROOT}/Manifest.lock\" > /dev/null\nif [ $? != 0 ] ; then\n    # print error to STDERR\n    echo \"error: The sandbox is not in sync with the Podfile.lock. Run 'pod install' or update your CocoaPods installation.\" >&2\n    exit 1\nfi\n# This output is used by Xcode 'outputs' to avoid re-running this script phase.\necho \"SUCCESS\" > \"${SCRIPT_OUTPUT_FILE_0}\"\n";
			showEnvVarsInLog = 0;
		};
		99F041CD2F5900F0A4A07CFA /* [CP] Embed Pods Frameworks */ = {
			isa = PBXShellScriptBuildPhase;
			buildActionMask = 2147483647;
			files = (
			);
			inputFileListPaths = (
				"${PODS_ROOT}/Target Support Files/Pods-Chief/Pods-Chief-frameworks-${CONFIGURATION}-input-files.xcfilelist",
			);
			name = "[CP] Embed Pods Frameworks";
			outputFileListPaths = (
				"${PODS_ROOT}/Target Support Files/Pods-Chief/Pods-Chief-frameworks-${CONFIGURATION}-output-files.xcfilelist",
			);
			runOnlyForDeploymentPostprocessing = 0;
			shellPath = /bin/sh;
			shellScript = "\"${PODS_ROOT}/Target Support Files/Pods-Chief/Pods-Chief-frameworks.sh\"\n";
			showEnvVarsInLog = 0;
		};
/* End PBXShellScriptBuildPhase section */

/* Begin PBXSourcesBuildPhase section */
		24324B0D271E99780025484D /* Sources */ = {
			isa = PBXSourcesBuildPhase;
			buildActionMask = 2147483647;
			files = (
				244B570F27392F74008148F1 /* Yard.m in Sources */,
				24A33095274B876600007339 /* Clinic.swift in Sources */,
				24324B17271E99780025484D /* ContentView.swift in Sources */,
				24B3D37527422EE8002F7C37 /* HomeViewController.m in Sources */,
				24A3308D274B454600007339 /* UIView+RNSwizzle.swift in Sources */,
				24B3D379274236C7002F7C37 /* AppDelegate.swift in Sources */,
				24A33097274B936400007339 /* YardPopup.swift in Sources */,
				24A3308F274B482E00007339 /* UIViewController+RNSwizzle.swift in Sources */,
				24324B15271E99780025484D /* ChiefApp.swift in Sources */,
			);
			runOnlyForDeploymentPostprocessing = 0;
		};
/* End PBXSourcesBuildPhase section */

/* Begin XCBuildConfiguration section */
		24324B1D271E99790025484D /* Debug */ = {
			isa = XCBuildConfiguration;
			buildSettings = {
				ALWAYS_SEARCH_USER_PATHS = NO;
				CLANG_ANALYZER_NONNULL = YES;
				CLANG_ANALYZER_NUMBER_OBJECT_CONVERSION = YES_AGGRESSIVE;
				CLANG_CXX_LANGUAGE_STANDARD = "gnu++17";
				CLANG_CXX_LIBRARY = "libc++";
				CLANG_ENABLE_MODULES = YES;
				CLANG_ENABLE_OBJC_ARC = YES;
				CLANG_ENABLE_OBJC_WEAK = YES;
				CLANG_WARN_BLOCK_CAPTURE_AUTORELEASING = YES;
				CLANG_WARN_BOOL_CONVERSION = YES;
				CLANG_WARN_COMMA = YES;
				CLANG_WARN_CONSTANT_CONVERSION = YES;
				CLANG_WARN_DEPRECATED_OBJC_IMPLEMENTATIONS = YES;
				CLANG_WARN_DIRECT_OBJC_ISA_USAGE = YES_ERROR;
				CLANG_WARN_DOCUMENTATION_COMMENTS = YES;
				CLANG_WARN_EMPTY_BODY = YES;
				CLANG_WARN_ENUM_CONVERSION = YES;
				CLANG_WARN_INFINITE_RECURSION = YES;
				CLANG_WARN_INT_CONVERSION = YES;
				CLANG_WARN_NON_LITERAL_NULL_CONVERSION = YES;
				CLANG_WARN_OBJC_IMPLICIT_RETAIN_SELF = YES;
				CLANG_WARN_OBJC_LITERAL_CONVERSION = YES;
				CLANG_WARN_OBJC_ROOT_CLASS = YES_ERROR;
				CLANG_WARN_QUOTED_INCLUDE_IN_FRAMEWORK_HEADER = YES;
				CLANG_WARN_RANGE_LOOP_ANALYSIS = YES;
				CLANG_WARN_STRICT_PROTOTYPES = YES;
				CLANG_WARN_SUSPICIOUS_MOVE = YES;
				CLANG_WARN_UNGUARDED_AVAILABILITY = YES_AGGRESSIVE;
				CLANG_WARN_UNREACHABLE_CODE = YES;
				CLANG_WARN__DUPLICATE_METHOD_MATCH = YES;
				COPY_PHASE_STRIP = NO;
				DEBUG_INFORMATION_FORMAT = dwarf;
				ENABLE_STRICT_OBJC_MSGSEND = YES;
				ENABLE_TESTABILITY = YES;
				GCC_C_LANGUAGE_STANDARD = gnu11;
				GCC_DYNAMIC_NO_PIC = NO;
				GCC_NO_COMMON_BLOCKS = YES;
				GCC_OPTIMIZATION_LEVEL = 0;
				GCC_PREPROCESSOR_DEFINITIONS = (
					"DEBUG=1",
					"$(inherited)",
				);
				GCC_WARN_64_TO_32_BIT_CONVERSION = YES;
				GCC_WARN_ABOUT_RETURN_TYPE = YES_ERROR;
				GCC_WARN_UNDECLARED_SELECTOR = YES;
				GCC_WARN_UNINITIALIZED_AUTOS = YES_AGGRESSIVE;
				GCC_WARN_UNUSED_FUNCTION = YES;
				GCC_WARN_UNUSED_VARIABLE = YES;
				IPHONEOS_DEPLOYMENT_TARGET = 15.0;
				MTL_ENABLE_DEBUG_INFO = INCLUDE_SOURCE;
				MTL_FAST_MATH = YES;
				ONLY_ACTIVE_ARCH = YES;
				SDKROOT = iphoneos;
				SWIFT_ACTIVE_COMPILATION_CONDITIONS = DEBUG;
				SWIFT_OPTIMIZATION_LEVEL = "-Onone";
			};
			name = Debug;
		};
		24324B1E271E99790025484D /* Release */ = {
			isa = XCBuildConfiguration;
			buildSettings = {
				ALWAYS_SEARCH_USER_PATHS = NO;
				CLANG_ANALYZER_NONNULL = YES;
				CLANG_ANALYZER_NUMBER_OBJECT_CONVERSION = YES_AGGRESSIVE;
				CLANG_CXX_LANGUAGE_STANDARD = "gnu++17";
				CLANG_CXX_LIBRARY = "libc++";
				CLANG_ENABLE_MODULES = YES;
				CLANG_ENABLE_OBJC_ARC = YES;
				CLANG_ENABLE_OBJC_WEAK = YES;
				CLANG_WARN_BLOCK_CAPTURE_AUTORELEASING = YES;
				CLANG_WARN_BOOL_CONVERSION = YES;
				CLANG_WARN_COMMA = YES;
				CLANG_WARN_CONSTANT_CONVERSION = YES;
				CLANG_WARN_DEPRECATED_OBJC_IMPLEMENTATIONS = YES;
				CLANG_WARN_DIRECT_OBJC_ISA_USAGE = YES_ERROR;
				CLANG_WARN_DOCUMENTATION_COMMENTS = YES;
				CLANG_WARN_EMPTY_BODY = YES;
				CLANG_WARN_ENUM_CONVERSION = YES;
				CLANG_WARN_INFINITE_RECURSION = YES;
				CLANG_WARN_INT_CONVERSION = YES;
				CLANG_WARN_NON_LITERAL_NULL_CONVERSION = YES;
				CLANG_WARN_OBJC_IMPLICIT_RETAIN_SELF = YES;
				CLANG_WARN_OBJC_LITERAL_CONVERSION = YES;
				CLANG_WARN_OBJC_ROOT_CLASS = YES_ERROR;
				CLANG_WARN_QUOTED_INCLUDE_IN_FRAMEWORK_HEADER = YES;
				CLANG_WARN_RANGE_LOOP_ANALYSIS = YES;
				CLANG_WARN_STRICT_PROTOTYPES = YES;
				CLANG_WARN_SUSPICIOUS_MOVE = YES;
				CLANG_WARN_UNGUARDED_AVAILABILITY = YES_AGGRESSIVE;
				CLANG_WARN_UNREACHABLE_CODE = YES;
				CLANG_WARN__DUPLICATE_METHOD_MATCH = YES;
				COPY_PHASE_STRIP = NO;
				DEBUG_INFORMATION_FORMAT = "dwarf-with-dsym";
				ENABLE_NS_ASSERTIONS = NO;
				ENABLE_STRICT_OBJC_MSGSEND = YES;
				GCC_C_LANGUAGE_STANDARD = gnu11;
				GCC_NO_COMMON_BLOCKS = YES;
				GCC_WARN_64_TO_32_BIT_CONVERSION = YES;
				GCC_WARN_ABOUT_RETURN_TYPE = YES_ERROR;
				GCC_WARN_UNDECLARED_SELECTOR = YES;
				GCC_WARN_UNINITIALIZED_AUTOS = YES_AGGRESSIVE;
				GCC_WARN_UNUSED_FUNCTION = YES;
				GCC_WARN_UNUSED_VARIABLE = YES;
				IPHONEOS_DEPLOYMENT_TARGET = 15.0;
				MTL_ENABLE_DEBUG_INFO = NO;
				MTL_FAST_MATH = YES;
				SDKROOT = iphoneos;
				SWIFT_COMPILATION_MODE = wholemodule;
				SWIFT_OPTIMIZATION_LEVEL = "-O";
				VALIDATE_PRODUCT = YES;
			};
			name = Release;
		};
		24324B20271E99790025484D /* Debug */ = {
			isa = XCBuildConfiguration;
			baseConfigurationReference = 6AA6300BAE586F1CA6BE360E /* Pods-Chief.debug.xcconfig */;
			buildSettings = {
				ASSETCATALOG_COMPILER_APPICON_NAME = AppIcon;
				ASSETCATALOG_COMPILER_GLOBAL_ACCENT_COLOR_NAME = AccentColor;
				CLANG_ENABLE_MODULES = YES;
				CODE_SIGN_STYLE = Automatic;
				CURRENT_PROJECT_VERSION = 1;
				DEVELOPMENT_ASSET_PATHS = "\"Chief/Preview Content\"";
				DEVELOPMENT_TEAM = 26W73LA8K2;
				ENABLE_PREVIEWS = YES;
				GCC_PRECOMPILE_PREFIX_HEADER = YES;
				GCC_PREFIX_HEADER = "$(SRCROOT)/Chief/PrefixHeader.pch";
				GENERATE_INFOPLIST_FILE = YES;
				INFOPLIST_KEY_UIApplicationSceneManifest_Generation = YES;
				INFOPLIST_KEY_UIApplicationSupportsIndirectInputEvents = YES;
				INFOPLIST_KEY_UILaunchScreen_Generation = YES;
				INFOPLIST_KEY_UISupportedInterfaceOrientations_iPad = "UIInterfaceOrientationPortrait UIInterfaceOrientationPortraitUpsideDown UIInterfaceOrientationLandscapeLeft UIInterfaceOrientationLandscapeRight";
				INFOPLIST_KEY_UISupportedInterfaceOrientations_iPhone = "UIInterfaceOrientationPortrait UIInterfaceOrientationLandscapeLeft UIInterfaceOrientationLandscapeRight";
				IPHONEOS_DEPLOYMENT_TARGET = 14.0;
				LD_RUNPATH_SEARCH_PATHS = (
					"$(inherited)",
					"@executable_path/Frameworks",
				);
				MARKETING_VERSION = 1.0;
				PRODUCT_BUNDLE_IDENTIFIER = org.medlinker.doctor.Chief;
				PRODUCT_NAME = "$(TARGET_NAME)";
				SWIFT_EMIT_LOC_STRINGS = YES;
				SWIFT_OBJC_BRIDGING_HEADER = "Chief/Yard/Chief-Bridging-Header.h";
				SWIFT_OPTIMIZATION_LEVEL = "-Onone";
				SWIFT_VERSION = 4.0;
				TARGETED_DEVICE_FAMILY = "1,2";
			};
			name = Debug;
		};
		24324B21271E99790025484D /* Release */ = {
			isa = XCBuildConfiguration;
			baseConfigurationReference = BD96A07E6159630A9CFBC567 /* Pods-Chief.release.xcconfig */;
			buildSettings = {
				ASSETCATALOG_COMPILER_APPICON_NAME = AppIcon;
				ASSETCATALOG_COMPILER_GLOBAL_ACCENT_COLOR_NAME = AccentColor;
				CLANG_ENABLE_MODULES = YES;
				CODE_SIGN_STYLE = Automatic;
				CURRENT_PROJECT_VERSION = 1;
				DEVELOPMENT_ASSET_PATHS = "\"Chief/Preview Content\"";
				DEVELOPMENT_TEAM = 26W73LA8K2;
				ENABLE_PREVIEWS = YES;
				GCC_PRECOMPILE_PREFIX_HEADER = YES;
				GCC_PREFIX_HEADER = "$(SRCROOT)/Chief/PrefixHeader.pch";
				GENERATE_INFOPLIST_FILE = YES;
				INFOPLIST_KEY_UIApplicationSceneManifest_Generation = YES;
				INFOPLIST_KEY_UIApplicationSupportsIndirectInputEvents = YES;
				INFOPLIST_KEY_UILaunchScreen_Generation = YES;
				INFOPLIST_KEY_UISupportedInterfaceOrientations_iPad = "UIInterfaceOrientationPortrait UIInterfaceOrientationPortraitUpsideDown UIInterfaceOrientationLandscapeLeft UIInterfaceOrientationLandscapeRight";
				INFOPLIST_KEY_UISupportedInterfaceOrientations_iPhone = "UIInterfaceOrientationPortrait UIInterfaceOrientationLandscapeLeft UIInterfaceOrientationLandscapeRight";
				IPHONEOS_DEPLOYMENT_TARGET = 14.0;
				LD_RUNPATH_SEARCH_PATHS = (
					"$(inherited)",
					"@executable_path/Frameworks",
				);
				MARKETING_VERSION = 1.0;
				PRODUCT_BUNDLE_IDENTIFIER = org.medlinker.doctor.Chief;
				PRODUCT_NAME = "$(TARGET_NAME)";
				SWIFT_EMIT_LOC_STRINGS = YES;
				SWIFT_OBJC_BRIDGING_HEADER = "Chief/Yard/Chief-Bridging-Header.h";
				SWIFT_VERSION = 4.0;
				TARGETED_DEVICE_FAMILY = "1,2";
			};
			name = Release;
		};
/* End XCBuildConfiguration section */

/* Begin XCConfigurationList section */
		24324B0C271E99780025484D /* Build configuration list for PBXProject "Chief" */ = {
			isa = XCConfigurationList;
			buildConfigurations = (
				24324B1D271E99790025484D /* Debug */,
				24324B1E271E99790025484D /* Release */,
			);
			defaultConfigurationIsVisible = 0;
			defaultConfigurationName = Release;
		};
		24324B1F271E99790025484D /* Build configuration list for PBXNativeTarget "Chief" */ = {
			isa = XCConfigurationList;
			buildConfigurations = (
				24324B20271E99790025484D /* Debug */,
				24324B21271E99790025484D /* Release */,
			);
			defaultConfigurationIsVisible = 0;
			defaultConfigurationName = Release;
		};
/* End XCConfigurationList section */
	};
	rootObject = 24324B09271E99780025484D /* Project object */;
}
